{
  "name": "worker_threads_ts",
  "version": "0.0.0-beta.0",
  "lockfileVersion": 2,
  "requires": true,
  "packages": {
    "": {
      "name": "worker_threads_ts",
      "version": "0.0.0-beta.0",
      "license": "MIT",
      "dependencies": {
        "simple-endpoint": "^2.0.0-beta.0"
      },
      "devDependencies": {
        "@types/node": "^17.0.23",
        "prettier": "^2.6.2",
        "typescript": "^4.6.3"
      }
    },
    "node_modules/@types/node": {
      "version": "17.0.23",
      "resolved": "https://registry.npmjs.org/@types/node/-/node-17.0.23.tgz",
      "integrity": "sha512-UxDxWn7dl97rKVeVS61vErvw086aCYhDLyvRQZ5Rk65rZKepaFdm53GeqXaKBuOhED4e9uWq34IC3TdSdJJ2Gw==",
      "dev": true
    },
    "node_modules/prettier": {
      "version": "2.6.2",
      "resolved": "https://registry.npmjs.org/prettier/-/prettier-2.6.2.tgz",
      "integrity": "sha512-PkUpF+qoXTqhOeWL9fu7As8LXsIUZ1WYaJiY/a7McAQzxjk82OF0tibkFXVCDImZtWxbvojFjerkiLb0/q8mew==",
      "dev": true,
      "bin": {
        "prettier": "bin-prettier.js"
      },
      "engines": {
        "node": ">=10.13.0"
      },
      "funding": {
        "url": "https://github.com/prettier/prettier?sponsor=1"
      }
    },
    "node_modules/simple-endpoint": {
      "version": "2.0.0-beta.0",
      "resolved": "https://registry.npmjs.org/simple-endpoint/-/simple-endpoint-2.0.0-beta.0.tgz",
      "integrity": "sha512-OxdeVk48Z7qkQwiJs5ZEMGC8P2WAJKC6Rq5H/ybufq4uu7yY+EYo5EjAU+fRN4hbndata1RzTEUpkMBICQqJbQ=="
    },
    "node_modules/typescript": {
      "version": "4.6.3",
      "resolved": "https://registry.npmjs.org/typescript/-/typescript-4.6.3.tgz",
      "integrity": "sha512-yNIatDa5iaofVozS/uQJEl3JRWLKKGJKh6Yaiv0GLGSuhpFJe7P3SbHZ8/yjAHRQwKRoA6YZqlfjXWmVzoVSMw==",
      "dev": true,
      "bin": {
        "tsc": "bin/tsc",
        "tsserver": "bin/tsserver"
      },
      "engines": {
        "node": ">=4.2.0"
      }
    }
  },
  "dependencies": {
    "@types/node": {
      "version": "17.0.23",
      "resolved": "https://registry.npmjs.org/@types/node/-/node-17.0.23.tgz",
      "integrity": "sha512-UxDxWn7dl97rKVeVS61vErvw086aCYhDLyvRQZ5Rk65rZKepaFdm53GeqXaKBuOhED4e9uWq34IC3TdSdJJ2Gw==",
      "dev": true
    },
    "prettier": {
      "version": "2.6.2",
      "resolved": "https://registry.npmjs.org/prettier/-/prettier-2.6.2.tgz",
      "integrity": "sha512-PkUpF+qoXTqhOeWL9fu7As8LXsIUZ1WYaJiY/a7McAQzxjk82OF0tibkFXVCDImZtWxbvojFjerkiLb0/q8mew==",
      "dev": true
    },
    "simple-endpoint": {
      "version": "2.0.0-beta.0",
      "resolved": "https://registry.npmjs.org/simple-endpoint/-/simple-endpoint-2.0.0-beta.0.tgz",
      "integrity": "sha512-OxdeVk48Z7qkQwiJs5ZEMGC8P2WAJKC6Rq5H/ybufq4uu7yY+EYo5EjAU+fRN4hbndata1RzTEUpkMBICQqJbQ=="
    },
    "typescript": {
      "version": "4.6.3",
      "resolved": "https://registry.npmjs.org/typescript/-/typescript-4.6.3.tgz",
      "integrity": "sha512-yNIatDa5iaofVozS/uQJEl3JRWLKKGJKh6Yaiv0GLGSuhpFJe7P3SbHZ8/yjAHRQwKRoA6YZqlfjXWmVzoVSMw==",
      "dev": true
    }
  }
}
